
Microsoft Visual Studio Solution File, Format Version 12.00
# Visual Studio Version 17
VisualStudioVersion = 17.0.32126.317
MinimumVisualStudioVersion = 10.0.40219.1
Project("{FAE04EC0-301F-11D3-BF4B-00C04F79EFBC}") = "Homework1", "Homework1\Homework1.csproj", "{9DC42C01-D85B-408C-A47D-671FFE2C183E}"
EndProject
Global
	GlobalSection(SolutionConfigurationPlatforms) = preSolution
		Debug|Any CPU = Debug|Any CPU
		Release|Any CPU = Release|Any CPU
	EndGlobalSection
	GlobalSection(ProjectConfigurationPlatforms) = postSolution
		{9DC42C01-D85B-408C-A47D-671FFE2C183E}.Debug|Any CPU.ActiveCfg = Debug|Any CPU
		{9DC42C01-D85B-408C-A47D-671FFE2C183E}.Debug|Any CPU.Build.0 = Debug|Any CPU
		{9DC42C01-D85B-408C-A47D-671FFE2C183E}.Release|Any CPU.ActiveCfg = Release|Any CPU
		{9DC42C01-D85B-408C-A47D-671FFE2C183E}.Release|Any CPU.Build.0 = Release|Any CPU
	EndGlobalSection
	GlobalSection(SolutionProperties) = preSolution
		HideSolutionNode = FALSE
	EndGlobalSection
	GlobalSection(ExtensibilityGlobals) = postSolution
		SolutionGuid = {8D154DBD-78A0-4B96-A85C-15C1F19CBA87}
	EndGlobalSection
EndGlobal
